
Microsoft Visual Studio Solution File, Format Version 12.00
# Visual Studio Version 17
VisualStudioVersion = 17.13.35806.99 d17.13
MinimumVisualStudioVersion = 10.0.40219.1
Project("{FAE04EC0-301F-11D3-BF4B-00C04F79EFBC}") = "project6", "project6.csproj", "{0A3E09B7-B87F-4A54-8957-5678F78B8A6F}"
EndProject
Global
	GlobalSection(SolutionConfigurationPlatforms) = preSolution
		Debug|Any CPU = Debug|Any CPU
		Release|Any CPU = Release|Any CPU
	EndGlobalSection
	GlobalSection(ProjectConfigurationPlatforms) = postSolution
		{0A3E09B7-B87F-4A54-8957-5678F78B8A6F}.Debug|Any CPU.ActiveCfg = Debug|Any CPU
		{0A3E09B7-B87F-4A54-8957-5678F78B8A6F}.Debug|Any CPU.Build.0 = Debug|Any CPU
		{0A3E09B7-B87F-4A54-8957-5678F78B8A6F}.Release|Any CPU.ActiveCfg = Release|Any CPU
		{0A3E09B7-B87F-4A54-8957-5678F78B8A6F}.Release|Any CPU.Build.0 = Release|Any CPU
	EndGlobalSection
	GlobalSection(SolutionProperties) = preSolution
		HideSolutionNode = FALSE
	EndGlobalSection
	GlobalSection(ExtensibilityGlobals) = postSolution
		SolutionGuid = {5C4B764D-D8D9-4B83-8A1D-6A6A42AA2ACF}
	EndGlobalSection
EndGlobal
